
Microsoft Visual Studio Solution File, Format Version 12.00
# Visual Studio Version 16
VisualStudioVersion = 16.0.30114.105
MinimumVisualStudioVersion = 10.0.40219.1
Project("{FAE04EC0-301F-11D3-BF4B-00C04F79EFBC}") = "R5T.Glyfada.LibGit2Sharp", "R5T.Glyfada.LibGit2Sharp\R5T.Glyfada.LibGit2Sharp.csproj", "{BFB40123-A12E-4DF3-B0E3-6BC72A468623}"
EndProject
Project("{FAE04EC0-301F-11D3-BF4B-00C04F79EFBC}") = "R5T.Glyfada.LibGit2Sharp.Construction", "R5T.Glyfada.LibGit2Sharp.Construction\R5T.Glyfada.LibGit2Sharp.Construction.csproj", "{D68AE3C9-3A7A-4223-98A2-6D8E24BF6551}"
EndProject
Project("{2150E333-8FDC-42A3-9474-1A3956D46DE8}") = "_Dependencies", "_Dependencies", "{AF50CB2F-1CE6-48B2-9A66-0F548AFB7842}"
EndProject
Project("{FAE04EC0-301F-11D3-BF4B-00C04F79EFBC}") = "R5T.T0064", "..\..\R5T.T0064\source\R5T.T0064\R5T.T0064.csproj", "{822B8CE7-90A3-4103-BA2C-40C10542EA19}"
EndProject
Global
	GlobalSection(SolutionConfigurationPlatforms) = preSolution
		Debug|Any CPU = Debug|Any CPU
		Debug|x64 = Debug|x64
		Debug|x86 = Debug|x86
		Release|Any CPU = Release|Any CPU
		Release|x64 = Release|x64
		Release|x86 = Release|x86
	EndGlobalSection
	GlobalSection(SolutionProperties) = preSolution
		HideSolutionNode = FALSE
	EndGlobalSection
	GlobalSection(ProjectConfigurationPlatforms) = postSolution
		{BFB40123-A12E-4DF3-B0E3-6BC72A468623}.Debug|Any CPU.ActiveCfg = Debug|Any CPU
		{BFB40123-A12E-4DF3-B0E3-6BC72A468623}.Debug|Any CPU.Build.0 = Debug|Any CPU
		{BFB40123-A12E-4DF3-B0E3-6BC72A468623}.Debug|x64.ActiveCfg = Debug|Any CPU
		{BFB40123-A12E-4DF3-B0E3-6BC72A468623}.Debug|x64.Build.0 = Debug|Any CPU
		{BFB40123-A12E-4DF3-B0E3-6BC72A468623}.Debug|x86.ActiveCfg = Debug|Any CPU
		{BFB40123-A12E-4DF3-B0E3-6BC72A468623}.Debug|x86.Build.0 = Debug|Any CPU
		{BFB40123-A12E-4DF3-B0E3-6BC72A468623}.Release|Any CPU.ActiveCfg = Release|Any CPU
		{BFB40123-A12E-4DF3-B0E3-6BC72A468623}.Release|Any CPU.Build.0 = Release|Any CPU
		{BFB40123-A12E-4DF3-B0E3-6BC72A468623}.Release|x64.ActiveCfg = Release|Any CPU
		{BFB40123-A12E-4DF3-B0E3-6BC72A468623}.Release|x64.Build.0 = Release|Any CPU
		{BFB40123-A12E-4DF3-B0E3-6BC72A468623}.Release|x86.ActiveCfg = Release|Any CPU
		{BFB40123-A12E-4DF3-B0E3-6BC72A468623}.Release|x86.Build.0 = Release|Any CPU
		{D68AE3C9-3A7A-4223-98A2-6D8E24BF6551}.Debug|Any CPU.ActiveCfg = Debug|Any CPU
		{D68AE3C9-3A7A-4223-98A2-6D8E24BF6551}.Debug|Any CPU.Build.0 = Debug|Any CPU
		{D68AE3C9-3A7A-4223-98A2-6D8E24BF6551}.Debug|x64.ActiveCfg = Debug|Any CPU
		{D68AE3C9-3A7A-4223-98A2-6D8E24BF6551}.Debug|x64.Build.0 = Debug|Any CPU
		{D68AE3C9-3A7A-4223-98A2-6D8E24BF6551}.Debug|x86.ActiveCfg = Debug|Any CPU
		{D68AE3C9-3A7A-4223-98A2-6D8E24BF6551}.Debug|x86.Build.0 = Debug|Any CPU
		{D68AE3C9-3A7A-4223-98A2-6D8E24BF6551}.Release|Any CPU.ActiveCfg = Release|Any CPU
		{D68AE3C9-3A7A-4223-98A2-6D8E24BF6551}.Release|Any CPU.Build.0 = Release|Any CPU
		{D68AE3C9-3A7A-4223-98A2-6D8E24BF6551}.Release|x64.ActiveCfg = Release|Any CPU
		{D68AE3C9-3A7A-4223-98A2-6D8E24BF6551}.Release|x64.Build.0 = Release|Any CPU
		{D68AE3C9-3A7A-4223-98A2-6D8E24BF6551}.Release|x86.ActiveCfg = Release|Any CPU
		{D68AE3C9-3A7A-4223-98A2-6D8E24BF6551}.Release|x86.Build.0 = Release|Any CPU
		{822B8CE7-90A3-4103-BA2C-40C10542EA19}.Debug|Any CPU.ActiveCfg = Debug|Any CPU
		{822B8CE7-90A3-4103-BA2C-40C10542EA19}.Debug|Any CPU.Build.0 = Debug|Any CPU
		{822B8CE7-90A3-4103-BA2C-40C10542EA19}.Debug|x64.ActiveCfg = Debug|Any CPU
		{822B8CE7-90A3-4103-BA2C-40C10542EA19}.Debug|x64.Build.0 = Debug|Any CPU
		{822B8CE7-90A3-4103-BA2C-40C10542EA19}.Debug|x86.ActiveCfg = Debug|Any CPU
		{822B8CE7-90A3-4103-BA2C-40C10542EA19}.Debug|x86.Build.0 = Debug|Any CPU
		{822B8CE7-90A3-4103-BA2C-40C10542EA19}.Release|Any CPU.ActiveCfg = Release|Any CPU
		{822B8CE7-90A3-4103-BA2C-40C10542EA19}.Release|Any CPU.Build.0 = Release|Any CPU
		{822B8CE7-90A3-4103-BA2C-40C10542EA19}.Release|x64.ActiveCfg = Release|Any CPU
		{822B8CE7-90A3-4103-BA2C-40C10542EA19}.Release|x64.Build.0 = Release|Any CPU
		{822B8CE7-90A3-4103-BA2C-40C10542EA19}.Release|x86.ActiveCfg = Release|Any CPU
		{822B8CE7-90A3-4103-BA2C-40C10542EA19}.Release|x86.Build.0 = Release|Any CPU
	EndGlobalSection
	GlobalSection(NestedProjects) = preSolution
		{822B8CE7-90A3-4103-BA2C-40C10542EA19} = {AF50CB2F-1CE6-48B2-9A66-0F548AFB7842}
	EndGlobalSection
EndGlobal
